
Microsoft Visual Studio Solution File, Format Version 12.00
# Visual Studio Version 17
VisualStudioVersion = 17.4.33213.308
MinimumVisualStudioVersion = 10.0.40219.1
Project("{FAE04EC0-301F-11D3-BF4B-00C04F79EFBC}") = "democonfiguracion", "democonfiguracion.csproj", "{7B594ECA-478D-4AE4-9095-F1ED50A5933D}"
EndProject
Global
	GlobalSection(SolutionConfigurationPlatforms) = preSolution
		Debug|Any CPU = Debug|Any CPU
		Release|Any CPU = Release|Any CPU
	EndGlobalSection
	GlobalSection(ProjectConfigurationPlatforms) = postSolution
		{7B594ECA-478D-4AE4-9095-F1ED50A5933D}.Debug|Any CPU.ActiveCfg = Debug|Any CPU
		{7B594ECA-478D-4AE4-9095-F1ED50A5933D}.Debug|Any CPU.Build.0 = Debug|Any CPU
		{7B594ECA-478D-4AE4-9095-F1ED50A5933D}.Release|Any CPU.ActiveCfg = Release|Any CPU
		{7B594ECA-478D-4AE4-9095-F1ED50A5933D}.Release|Any CPU.Build.0 = Release|Any CPU
	EndGlobalSection
	GlobalSection(SolutionProperties) = preSolution
		HideSolutionNode = FALSE
	EndGlobalSection
	GlobalSection(ExtensibilityGlobals) = postSolution
		SolutionGuid = {A58F6208-5D5C-40AC-A9EF-0F4F9277A93F}
	EndGlobalSection
EndGlobal
