
Microsoft Visual Studio Solution File, Format Version 12.00
# Visual Studio Version 17
VisualStudioVersion = 17.4.33213.308
MinimumVisualStudioVersion = 10.0.40219.1
Project("{FAE04EC0-301F-11D3-BF4B-00C04F79EFBC}") = "demoworker", "demoworker.csproj", "{15E85A12-8611-4E03-B328-EF09BA3C2276}"
EndProject
Global
	GlobalSection(SolutionConfigurationPlatforms) = preSolution
		Debug|Any CPU = Debug|Any CPU
		Release|Any CPU = Release|Any CPU
	EndGlobalSection
	GlobalSection(ProjectConfigurationPlatforms) = postSolution
		{15E85A12-8611-4E03-B328-EF09BA3C2276}.Debug|Any CPU.ActiveCfg = Debug|Any CPU
		{15E85A12-8611-4E03-B328-EF09BA3C2276}.Debug|Any CPU.Build.0 = Debug|Any CPU
		{15E85A12-8611-4E03-B328-EF09BA3C2276}.Release|Any CPU.ActiveCfg = Release|Any CPU
		{15E85A12-8611-4E03-B328-EF09BA3C2276}.Release|Any CPU.Build.0 = Release|Any CPU
	EndGlobalSection
	GlobalSection(SolutionProperties) = preSolution
		HideSolutionNode = FALSE
	EndGlobalSection
	GlobalSection(ExtensibilityGlobals) = postSolution
		SolutionGuid = {EBA3B67F-41D0-4139-BFC1-75D0F1D42055}
	EndGlobalSection
EndGlobal
