
Microsoft Visual Studio Solution File, Format Version 12.00
# Visual Studio Version 17
VisualStudioVersion = 17.4.33213.308
MinimumVisualStudioVersion = 10.0.40219.1
Project("{FAE04EC0-301F-11D3-BF4B-00C04F79EFBC}") = "demomiddleware", "demomiddleware.csproj", "{501C8651-FF97-4394-B953-3E0B3E1A73EC}"
EndProject
Global
	GlobalSection(SolutionConfigurationPlatforms) = preSolution
		Debug|Any CPU = Debug|Any CPU
		Release|Any CPU = Release|Any CPU
	EndGlobalSection
	GlobalSection(ProjectConfigurationPlatforms) = postSolution
		{501C8651-FF97-4394-B953-3E0B3E1A73EC}.Debug|Any CPU.ActiveCfg = Debug|Any CPU
		{501C8651-FF97-4394-B953-3E0B3E1A73EC}.Debug|Any CPU.Build.0 = Debug|Any CPU
		{501C8651-FF97-4394-B953-3E0B3E1A73EC}.Release|Any CPU.ActiveCfg = Release|Any CPU
		{501C8651-FF97-4394-B953-3E0B3E1A73EC}.Release|Any CPU.Build.0 = Release|Any CPU
	EndGlobalSection
	GlobalSection(SolutionProperties) = preSolution
		HideSolutionNode = FALSE
	EndGlobalSection
	GlobalSection(ExtensibilityGlobals) = postSolution
		SolutionGuid = {E95DC3FF-6CDE-4B01-B170-DB56A1FE3C82}
	EndGlobalSection
EndGlobal
