
Microsoft Visual Studio Solution File, Format Version 12.00
# Visual Studio Version 17
VisualStudioVersion = 17.4.33213.308
MinimumVisualStudioVersion = 10.0.40219.1
Project("{9A19103F-16F7-4668-BE54-9A1E7A4F7556}") = "demowebapp", "demowebapp.csproj", "{3D782C5B-95F9-482C-87B5-C1E0CEE3327D}"
EndProject
Global
	GlobalSection(SolutionConfigurationPlatforms) = preSolution
		Debug|Any CPU = Debug|Any CPU
		Release|Any CPU = Release|Any CPU
	EndGlobalSection
	GlobalSection(ProjectConfigurationPlatforms) = postSolution
		{3D782C5B-95F9-482C-87B5-C1E0CEE3327D}.Debug|Any CPU.ActiveCfg = Debug|Any CPU
		{3D782C5B-95F9-482C-87B5-C1E0CEE3327D}.Debug|Any CPU.Build.0 = Debug|Any CPU
		{3D782C5B-95F9-482C-87B5-C1E0CEE3327D}.Release|Any CPU.ActiveCfg = Release|Any CPU
		{3D782C5B-95F9-482C-87B5-C1E0CEE3327D}.Release|Any CPU.Build.0 = Release|Any CPU
	EndGlobalSection
	GlobalSection(SolutionProperties) = preSolution
		HideSolutionNode = FALSE
	EndGlobalSection
	GlobalSection(ExtensibilityGlobals) = postSolution
		SolutionGuid = {C2AC7BE9-C73E-4D4C-B74B-46C178E73591}
	EndGlobalSection
EndGlobal
